
Microsoft Visual Studio Solution File, Format Version 12.00
# Visual Studio Version 17
VisualStudioVersion = 17.2.32630.192
MinimumVisualStudioVersion = 10.0.40219.1
Project("{F184B08F-C81C-45F6-A57F-5ABD9991F28F}") = "WindowsApp1", "WindowsApp1\WindowsApp1.vbproj", "{81F1BF95-5005-4A0B-AB32-281D756ACDB5}"
EndProject
Global
	GlobalSection(SolutionConfigurationPlatforms) = preSolution
		Debug|Any CPU = Debug|Any CPU
		Release|Any CPU = Release|Any CPU
	EndGlobalSection
	GlobalSection(ProjectConfigurationPlatforms) = postSolution
		{81F1BF95-5005-4A0B-AB32-281D756ACDB5}.Debug|Any CPU.ActiveCfg = Debug|Any CPU
		{81F1BF95-5005-4A0B-AB32-281D756ACDB5}.Debug|Any CPU.Build.0 = Debug|Any CPU
		{81F1BF95-5005-4A0B-AB32-281D756ACDB5}.Release|Any CPU.ActiveCfg = Release|Any CPU
		{81F1BF95-5005-4A0B-AB32-281D756ACDB5}.Release|Any CPU.Build.0 = Release|Any CPU
	EndGlobalSection
	GlobalSection(SolutionProperties) = preSolution
		HideSolutionNode = FALSE
	EndGlobalSection
	GlobalSection(ExtensibilityGlobals) = postSolution
		SolutionGuid = {BBDD9888-F9EB-411F-8786-CF06CDBF1CB8}
	EndGlobalSection
EndGlobal
